
Microsoft Visual Studio Solution File, Format Version 12.00
# Visual Studio Version 17
VisualStudioVersion = 17.2.32616.157
MinimumVisualStudioVersion = 10.0.40219.1
Project("{FAE04EC0-301F-11D3-BF4B-00C04F79EFBC}") = "Final Project MS539", "Final Project MS539\Final Project MS539.csproj", "{47971ACC-3089-4159-9663-4430EA0AD4BF}"
EndProject
Global
	GlobalSection(SolutionConfigurationPlatforms) = preSolution
		Debug|Any CPU = Debug|Any CPU
		Release|Any CPU = Release|Any CPU
	EndGlobalSection
	GlobalSection(ProjectConfigurationPlatforms) = postSolution
		{47971ACC-3089-4159-9663-4430EA0AD4BF}.Debug|Any CPU.ActiveCfg = Debug|Any CPU
		{47971ACC-3089-4159-9663-4430EA0AD4BF}.Debug|Any CPU.Build.0 = Debug|Any CPU
		{47971ACC-3089-4159-9663-4430EA0AD4BF}.Release|Any CPU.ActiveCfg = Release|Any CPU
		{47971ACC-3089-4159-9663-4430EA0AD4BF}.Release|Any CPU.Build.0 = Release|Any CPU
	EndGlobalSection
	GlobalSection(SolutionProperties) = preSolution
		HideSolutionNode = FALSE
	EndGlobalSection
	GlobalSection(ExtensibilityGlobals) = postSolution
		SolutionGuid = {C63A631E-1052-461D-AB70-6B3272B57431}
	EndGlobalSection
EndGlobal
